
Microsoft Visual Studio Solution File, Format Version 12.00
# Visual Studio Version 16
VisualStudioVersion = 16.0.31025.194
MinimumVisualStudioVersion = 10.0.40219.1
Project("{FAE04EC0-301F-11D3-BF4B-00C04F79EFBC}") = "Calculator-2", "Calculator-2\Calculator-2.csproj", "{959A6E51-2F40-4EA4-A21D-E4F41DB7314B}"
EndProject
Project("{FAE04EC0-301F-11D3-BF4B-00C04F79EFBC}") = "Calculator-1", "Calculator-1\Calculator-1.csproj", "{4E8B4061-6921-4D21-B189-79A6C94463B5}"
EndProject
Global
	GlobalSection(SolutionConfigurationPlatforms) = preSolution
		Debug|Any CPU = Debug|Any CPU
		Release|Any CPU = Release|Any CPU
	EndGlobalSection
	GlobalSection(ProjectConfigurationPlatforms) = postSolution
		{959A6E51-2F40-4EA4-A21D-E4F41DB7314B}.Debug|Any CPU.ActiveCfg = Debug|Any CPU
		{959A6E51-2F40-4EA4-A21D-E4F41DB7314B}.Debug|Any CPU.Build.0 = Debug|Any CPU
		{959A6E51-2F40-4EA4-A21D-E4F41DB7314B}.Release|Any CPU.ActiveCfg = Release|Any CPU
		{959A6E51-2F40-4EA4-A21D-E4F41DB7314B}.Release|Any CPU.Build.0 = Release|Any CPU
		{4E8B4061-6921-4D21-B189-79A6C94463B5}.Debug|Any CPU.ActiveCfg = Debug|Any CPU
		{4E8B4061-6921-4D21-B189-79A6C94463B5}.Debug|Any CPU.Build.0 = Debug|Any CPU
		{4E8B4061-6921-4D21-B189-79A6C94463B5}.Release|Any CPU.ActiveCfg = Release|Any CPU
		{4E8B4061-6921-4D21-B189-79A6C94463B5}.Release|Any CPU.Build.0 = Release|Any CPU
	EndGlobalSection
	GlobalSection(SolutionProperties) = preSolution
		HideSolutionNode = FALSE
	EndGlobalSection
	GlobalSection(ExtensibilityGlobals) = postSolution
		SolutionGuid = {5FEAA2F7-8695-4BB8-B5D9-2E66C8153B40}
	EndGlobalSection
EndGlobal
