
Microsoft Visual Studio Solution File, Format Version 12.00
# Visual Studio Version 16
VisualStudioVersion = 16.0.31025.194
MinimumVisualStudioVersion = 10.0.40219.1
Project("{FAE04EC0-301F-11D3-BF4B-00C04F79EFBC}") = "Homework5", "Homework5\Homework5.csproj", "{17EC8F1C-AEAA-4894-8F65-3727D1A1E259}"
EndProject
Global
	GlobalSection(SolutionConfigurationPlatforms) = preSolution
		Debug|Any CPU = Debug|Any CPU
		Release|Any CPU = Release|Any CPU
	EndGlobalSection
	GlobalSection(ProjectConfigurationPlatforms) = postSolution
		{17EC8F1C-AEAA-4894-8F65-3727D1A1E259}.Debug|Any CPU.ActiveCfg = Debug|Any CPU
		{17EC8F1C-AEAA-4894-8F65-3727D1A1E259}.Debug|Any CPU.Build.0 = Debug|Any CPU
		{17EC8F1C-AEAA-4894-8F65-3727D1A1E259}.Release|Any CPU.ActiveCfg = Release|Any CPU
		{17EC8F1C-AEAA-4894-8F65-3727D1A1E259}.Release|Any CPU.Build.0 = Release|Any CPU
	EndGlobalSection
	GlobalSection(SolutionProperties) = preSolution
		HideSolutionNode = FALSE
	EndGlobalSection
	GlobalSection(ExtensibilityGlobals) = postSolution
		SolutionGuid = {E6C9DF33-D7C1-4FD2-A3C7-2C4CA0B34D96}
	EndGlobalSection
EndGlobal
